{
  "lockfileVersion": 1,
  "workspaces": {
    "": {
      "name": "cody-rn-ui",
      "dependencies": {
        "@octokit/rest": "^21.1.0",
        "react": "^19.0.0",
      },
      "devDependencies": {
        "@types/adm-zip": "^0.5.7",
        "@types/bun": "latest",
        "adm-zip": "^0.5.16",
        "dotenv": "^16.4.7",
        "plop": "^4.0.1",
      },
      "peerDependencies": {
        "typescript": "^5.0.0",
      },
    },
  },
  "packages": {
    "@inquirer/figures": ["@inquirer/figures@1.0.10", "", {}, "sha512-Ey6176gZmeqZuY/W/nZiUyvmb1/qInjcpiZjXWi6nON+nxJpD1bxtSoBxNliGISae32n6OwbY+TSXPZ1CfS4bw=="],

    "@nodelib/fs.scandir": ["@nodelib/fs.scandir@2.1.5", "", { "dependencies": { "@nodelib/fs.stat": "2.0.5", "run-parallel": "^1.1.9" } }, "sha512-vq24Bq3ym5HEQm2NKCr3yXDwjc7vTsEThRDnkp2DK9p1uqLR+DHurm/NOTo0KG7HYHU7eppKZj3MyqYuMBf62g=="],

    "@nodelib/fs.stat": ["@nodelib/fs.stat@2.0.5", "", {}, "sha512-RkhPPp2zrqDAQA/2jNhnztcPAlv64XdhIp7a7454A5ovI7Bukxgt7MX7udwAu3zg1DcpPU0rz3VV1SeaqvY4+A=="],

    "@nodelib/fs.walk": ["@nodelib/fs.walk@1.2.8", "", { "dependencies": { "@nodelib/fs.scandir": "2.1.5", "fastq": "^1.6.0" } }, "sha512-oGB+UxlgWcgQkgwo8GcEGwemoTFt3FIO9ababBmaGwXIoBKZ+GTy0pP185beGg7Llih/NSHSV2XAs1lnznocSg=="],

    "@octokit/auth-token": ["@octokit/auth-token@5.1.2", "", {}, "sha512-JcQDsBdg49Yky2w2ld20IHAlwr8d/d8N6NiOXbtuoPCqzbsiJgF633mVUw3x4mo0H5ypataQIX7SFu3yy44Mpw=="],

    "@octokit/core": ["@octokit/core@6.1.3", "", { "dependencies": { "@octokit/auth-token": "^5.0.0", "@octokit/graphql": "^8.1.2", "@octokit/request": "^9.1.4", "@octokit/request-error": "^6.1.6", "@octokit/types": "^13.6.2", "before-after-hook": "^3.0.2", "universal-user-agent": "^7.0.0" } }, "sha512-z+j7DixNnfpdToYsOutStDgeRzJSMnbj8T1C/oQjB6Aa+kRfNjs/Fn7W6c8bmlt6mfy3FkgeKBRnDjxQow5dow=="],

    "@octokit/endpoint": ["@octokit/endpoint@10.1.2", "", { "dependencies": { "@octokit/types": "^13.6.2", "universal-user-agent": "^7.0.2" } }, "sha512-XybpFv9Ms4hX5OCHMZqyODYqGTZ3H6K6Vva+M9LR7ib/xr1y1ZnlChYv9H680y77Vd/i/k+thXApeRASBQkzhA=="],

    "@octokit/graphql": ["@octokit/graphql@8.2.0", "", { "dependencies": { "@octokit/request": "^9.1.4", "@octokit/types": "^13.8.0", "universal-user-agent": "^7.0.0" } }, "sha512-gejfDywEml/45SqbWTWrhfwvLBrcGYhOn50sPOjIeVvH6i7D16/9xcFA8dAJNp2HMcd+g4vru41g4E2RBiZvfQ=="],

    "@octokit/openapi-types": ["@octokit/openapi-types@23.0.1", "", {}, "sha512-izFjMJ1sir0jn0ldEKhZ7xegCTj/ObmEDlEfpFrx4k/JyZSMRHbO3/rBwgE7f3m2DHt+RrNGIVw4wSmwnm3t/g=="],

    "@octokit/plugin-paginate-rest": ["@octokit/plugin-paginate-rest@11.4.0", "", { "dependencies": { "@octokit/types": "^13.7.0" }, "peerDependencies": { "@octokit/core": ">=6" } }, "sha512-ttpGck5AYWkwMkMazNCZMqxKqIq1fJBNxBfsFwwfyYKTf914jKkLF0POMS3YkPBwp5g1c2Y4L79gDz01GhSr1g=="],

    "@octokit/plugin-request-log": ["@octokit/plugin-request-log@5.3.1", "", { "peerDependencies": { "@octokit/core": ">=6" } }, "sha512-n/lNeCtq+9ofhC15xzmJCNKP2BWTv8Ih2TTy+jatNCCq/gQP/V7rK3fjIfuz0pDWDALO/o/4QY4hyOF6TQQFUw=="],

    "@octokit/plugin-rest-endpoint-methods": ["@octokit/plugin-rest-endpoint-methods@13.3.0", "", { "dependencies": { "@octokit/types": "^13.7.0" }, "peerDependencies": { "@octokit/core": ">=6" } }, "sha512-LUm44shlmkp/6VC+qQgHl3W5vzUP99ZM54zH6BuqkJK4DqfFLhegANd+fM4YRLapTvPm4049iG7F3haANKMYvQ=="],

    "@octokit/request": ["@octokit/request@9.2.0", "", { "dependencies": { "@octokit/endpoint": "^10.0.0", "@octokit/request-error": "^6.0.1", "@octokit/types": "^13.6.2", "fast-content-type-parse": "^2.0.0", "universal-user-agent": "^7.0.2" } }, "sha512-kXLfcxhC4ozCnAXy2ff+cSxpcF0A1UqxjvYMqNuPIeOAzJbVWQ+dy5G2fTylofB/gTbObT8O6JORab+5XtA1Kw=="],

    "@octokit/request-error": ["@octokit/request-error@6.1.6", "", { "dependencies": { "@octokit/types": "^13.6.2" } }, "sha512-pqnVKYo/at0NuOjinrgcQYpEbv4snvP3bKMRqHaD9kIsk9u1LCpb2smHZi8/qJfgeNqLo5hNW4Z7FezNdEo0xg=="],

    "@octokit/rest": ["@octokit/rest@21.1.0", "", { "dependencies": { "@octokit/core": "^6.1.3", "@octokit/plugin-paginate-rest": "^11.4.0", "@octokit/plugin-request-log": "^5.3.1", "@octokit/plugin-rest-endpoint-methods": "^13.3.0" } }, "sha512-93iLxcKDJboUpmnUyeJ6cRIi7z7cqTZT1K7kRK4LobGxwTwpsa+2tQQbRQNGy7IFDEAmrtkf4F4wBj3D5rVlJQ=="],

    "@octokit/types": ["@octokit/types@13.8.0", "", { "dependencies": { "@octokit/openapi-types": "^23.0.1" } }, "sha512-x7DjTIbEpEWXK99DMd01QfWy0hd5h4EN+Q7shkdKds3otGQP+oWE/y0A76i1OvH9fygo4ddvNf7ZvF0t78P98A=="],

    "@types/adm-zip": ["@types/adm-zip@0.5.7", "", { "dependencies": { "@types/node": "*" } }, "sha512-DNEs/QvmyRLurdQPChqq0Md4zGvPwHerAJYWk9l2jCbD1VPpnzRJorOdiq4zsw09NFbYnhfsoEhWtxIzXpn2yw=="],

    "@types/bun": ["@types/bun@1.2.2", "", { "dependencies": { "bun-types": "1.2.2" } }, "sha512-tr74gdku+AEDN5ergNiBnplr7hpDp3V1h7fqI2GcR/rsUaM39jpSeKH0TFibRvU0KwniRx5POgaYnaXbk0hU+w=="],

    "@types/fined": ["@types/fined@1.1.5", "", {}, "sha512-2N93vadEGDFhASTIRbizbl4bNqpMOId5zZfj6hHqYZfEzEfO9onnU4Im8xvzo8uudySDveDHBOOSlTWf38ErfQ=="],

    "@types/inquirer": ["@types/inquirer@9.0.7", "", { "dependencies": { "@types/through": "*", "rxjs": "^7.2.0" } }, "sha512-Q0zyBupO6NxGRZut/JdmqYKOnN95Eg5V8Csg3PGKkP+FnvsUZx1jAyK7fztIszxxMuoBA6E3KXWvdZVXIpx60g=="],

    "@types/liftoff": ["@types/liftoff@4.0.3", "", { "dependencies": { "@types/fined": "*", "@types/node": "*" } }, "sha512-UgbL2kR5pLrWICvr8+fuSg0u43LY250q7ZMkC+XKC3E+rs/YBDEnQIzsnhU5dYsLlwMi3R75UvCL87pObP1sxw=="],

    "@types/node": ["@types/node@22.13.1", "", { "dependencies": { "undici-types": "~6.20.0" } }, "sha512-jK8uzQlrvXqEU91UxiK5J7pKHyzgnI1Qnl0QDHIgVGuolJhRb9EEl28Cj9b3rGR8B2lhFCtvIm5os8lFnO/1Ew=="],

    "@types/through": ["@types/through@0.0.33", "", { "dependencies": { "@types/node": "*" } }, "sha512-HsJ+z3QuETzP3cswwtzt2vEIiHBk/dCcHGhbmG5X3ecnwFD/lPrMpliGXxSCg03L9AhrdwA4Oz/qfspkDW+xGQ=="],

    "@types/ws": ["@types/ws@8.5.14", "", { "dependencies": { "@types/node": "*" } }, "sha512-bd/YFLW+URhBzMXurx7lWByOu+xzU9+kb3RboOteXYDfW+tr+JZa99OyNmPINEGB/ahzKrEuc8rcv4gnpJmxTw=="],

    "adm-zip": ["adm-zip@0.5.16", "", {}, "sha512-TGw5yVi4saajsSEgz25grObGHEUaDrniwvA2qwSC060KfqGPdglhvPMA2lPIoxs3PQIItj2iag35fONcQqgUaQ=="],

    "aggregate-error": ["aggregate-error@4.0.1", "", { "dependencies": { "clean-stack": "^4.0.0", "indent-string": "^5.0.0" } }, "sha512-0poP0T7el6Vq3rstR8Mn4V/IQrpBLO6POkUSrN7RhyY+GF/InCFShQzsQ39T25gkHhLgSLByyAz+Kjb+c2L98w=="],

    "ansi-escapes": ["ansi-escapes@4.3.2", "", { "dependencies": { "type-fest": "^0.21.3" } }, "sha512-gKXj5ALrKWQLsYG9jlTRmR/xKluxHV+Z9QEwNIgCfM1/uwPMCuzVVnh5mwTd+OuBZcwSIMbqssNWRm1lE51QaQ=="],

    "ansi-regex": ["ansi-regex@6.1.0", "", {}, "sha512-7HSX4QQb4CspciLpVFwyRe79O3xsIZDDLER21kERQ71oaPodF8jL725AgJMFAYbooIqolJoRLuM81SpeUkpkvA=="],

    "ansi-styles": ["ansi-styles@4.3.0", "", { "dependencies": { "color-convert": "^2.0.1" } }, "sha512-zbB9rCJAT1rbjiVDb2hqKFHNYLxgtk8NURxZ3IZwD3F6NtxbXZQCnnSi1Lkx+IDohdPlFp222wVALIheZJQSEg=="],

    "array-each": ["array-each@1.0.1", "", {}, "sha512-zHjL5SZa68hkKHBFBK6DJCTtr9sfTCPCaph/L7tMSLcTFgy+zX7E+6q5UArbtOtMBCtxdICpfTCspRse+ywyXA=="],

    "array-slice": ["array-slice@1.1.0", "", {}, "sha512-B1qMD3RBP7O8o0H2KbrXDyB0IccejMF15+87Lvlor12ONPRHP6gTjXMNkt/d3ZuOGbAe66hFmaCfECI24Ufp6w=="],

    "balanced-match": ["balanced-match@1.0.2", "", {}, "sha512-3oSeUO0TMV67hN1AmbXsK4yaqU7tjiHlbxRDZOpH0KW9+CeX4bRAaX0Anxt0tx2MrpRpWwQaPwIlISEJhYU5Pw=="],

    "base64-js": ["base64-js@1.5.1", "", {}, "sha512-AKpaYlHn8t4SVbOHCy+b5+KKgvR4vrsD8vbvrbiQJps7fKDTkjkDry6ji0rUJjC0kzbNePLwzxq8iypo41qeWA=="],

    "before-after-hook": ["before-after-hook@3.0.2", "", {}, "sha512-Nik3Sc0ncrMK4UUdXQmAnRtzmNQTAAXmXIopizwZ1W1t8QmfJj+zL4OA2I7XPTPW5z5TDqv4hRo/JzouDJnX3A=="],

    "bl": ["bl@4.1.0", "", { "dependencies": { "buffer": "^5.5.0", "inherits": "^2.0.4", "readable-stream": "^3.4.0" } }, "sha512-1W07cM9gS6DcLperZfFSj+bWLtaPGSOHWhPiGzXmvVJbRLdG82sH/Kn8EtW1VqWVA54AKf2h5k5BbnIbwF3h6w=="],

    "brace-expansion": ["brace-expansion@1.1.11", "", { "dependencies": { "balanced-match": "^1.0.0", "concat-map": "0.0.1" } }, "sha512-iCuPHDFgrHX7H2vEI/5xpz07zSHB00TpugqhmYtVmMO6518mCuRMoOYFldEBl0g187ufozdaHgWKcYFb61qGiA=="],

    "braces": ["braces@3.0.3", "", { "dependencies": { "fill-range": "^7.1.1" } }, "sha512-yQbXgO/OSZVD2IsiLlro+7Hf6Q18EJrKSEsdoMzKePKXct3gvD8oLcOQdIzGupr5Fj+EDe8gO/lxc1BzfMpxvA=="],

    "buffer": ["buffer@5.7.1", "", { "dependencies": { "base64-js": "^1.3.1", "ieee754": "^1.1.13" } }, "sha512-EHcyIPBQ4BSGlvjB16k5KgAJ27CIsHY/2JBmCRReo48y9rQ3MaUzWX3KVlBa4U7MyX02HdVj0K7C3WaB3ju7FQ=="],

    "bun-types": ["bun-types@1.2.2", "", { "dependencies": { "@types/node": "*", "@types/ws": "~8.5.10" } }, "sha512-RCbMH5elr9gjgDGDhkTTugA21XtJAy/9jkKe/G3WR2q17VPGhcquf9Sir6uay9iW+7P/BV0CAHA1XlHXMAVKHg=="],

    "camel-case": ["camel-case@4.1.2", "", { "dependencies": { "pascal-case": "^3.1.2", "tslib": "^2.0.3" } }, "sha512-gxGWBrTT1JuMx6R+o5PTXMmUnhnVzLQ9SNutD4YqKtI6ap897t3tKECYla6gCWEkplXnlNybEkZg9GEGxKFCgw=="],

    "capital-case": ["capital-case@1.0.4", "", { "dependencies": { "no-case": "^3.0.4", "tslib": "^2.0.3", "upper-case-first": "^2.0.2" } }, "sha512-ds37W8CytHgwnhGGTi88pcPyR15qoNkOpYwmMMfnWqqWgESapLqvDx6huFjQ5vqWSn2Z06173XNA7LtMOeUh1A=="],

    "chalk": ["chalk@5.4.1", "", {}, "sha512-zgVZuo2WcZgfUEmsn6eO3kINexW8RAE4maiQ8QNs8CtpPCSyMiYsULR3HQYkm3w8FIA3SberyMJMSldGsW+U3w=="],

    "change-case": ["change-case@4.1.2", "", { "dependencies": { "camel-case": "^4.1.2", "capital-case": "^1.0.4", "constant-case": "^3.0.4", "dot-case": "^3.0.4", "header-case": "^2.0.4", "no-case": "^3.0.4", "param-case": "^3.0.4", "pascal-case": "^3.1.2", "path-case": "^3.0.4", "sentence-case": "^3.0.4", "snake-case": "^3.0.4", "tslib": "^2.0.3" } }, "sha512-bSxY2ws9OtviILG1EiY5K7NNxkqg/JnRnFxLtKQ96JaviiIxi7djMrSd0ECT9AC+lttClmYwKw53BWpOMblo7A=="],

    "chardet": ["chardet@0.7.0", "", {}, "sha512-mT8iDcrh03qDGRRmoA2hmBJnxpllMR+0/0qlzjqZES6NdiWDcZkCNAk4rPFZ9Q85r27unkiNNg8ZOiwZXBHwcA=="],

    "clean-stack": ["clean-stack@4.2.0", "", { "dependencies": { "escape-string-regexp": "5.0.0" } }, "sha512-LYv6XPxoyODi36Dp976riBtSY27VmFo+MKqEU9QCCWyTrdEPDog+RWA7xQWHi6Vbp61j5c4cdzzX1NidnwtUWg=="],

    "cli-cursor": ["cli-cursor@5.0.0", "", { "dependencies": { "restore-cursor": "^5.0.0" } }, "sha512-aCj4O5wKyszjMmDT4tZj93kxyydN/K5zPWSCe6/0AV/AA1pqe5ZBIw0a2ZfPQV7lL5/yb5HsUreJ6UFAF1tEQw=="],

    "cli-spinners": ["cli-spinners@2.9.2", "", {}, "sha512-ywqV+5MmyL4E7ybXgKys4DugZbX0FC6LnwrhjuykIjnK9k8OQacQ7axGKnjDXWNhns0xot3bZI5h55H8yo9cJg=="],

    "cli-width": ["cli-width@4.1.0", "", {}, "sha512-ouuZd4/dm2Sw5Gmqy6bGyNNNe1qt9RpmxveLSO7KcgsTnU7RXfsw+/bukWGo1abgBiMAic068rclZsO4IWmmxQ=="],

    "clone": ["clone@1.0.4", "", {}, "sha512-JQHZ2QMW6l3aH/j6xCqQThY/9OH4D/9ls34cgkUBiEeocRTU04tHfKPBsUK1PqZCUQM7GiA0IIXJSuXHI64Kbg=="],

    "color-convert": ["color-convert@2.0.1", "", { "dependencies": { "color-name": "~1.1.4" } }, "sha512-RRECPsj7iu/xb5oKYcsFHSppFNnsj/52OVTRKb4zP5onXwVF3zVmmToNcOfGC+CRDpfK/U584fMg38ZHCaElKQ=="],

    "color-name": ["color-name@1.1.4", "", {}, "sha512-dOy+3AuW3a2wNbZHIuMZpTcgjGuLU/uBL/ubcZF9OXbDo8ff4O8yVp5Bf0efS8uEoYo5q4Fx7dY9OgQGXgAsQA=="],

    "concat-map": ["concat-map@0.0.1", "", {}, "sha512-/Srv4dswyQNBfohGpz9o6Yb3Gz3SrUDqBH5rTuhGR7ahtlbYKnVxw2bCFMRljaA7EXHaXZ8wsHdodFvbkhKmqg=="],

    "constant-case": ["constant-case@3.0.4", "", { "dependencies": { "no-case": "^3.0.4", "tslib": "^2.0.3", "upper-case": "^2.0.2" } }, "sha512-I2hSBi7Vvs7BEuJDr5dDHfzb/Ruj3FyvFyh7KLilAjNQw3Be+xgqUBA2W6scVEcL0hL1dwPRtIqEPVUCKkSsyQ=="],

    "defaults": ["defaults@1.0.4", "", { "dependencies": { "clone": "^1.0.2" } }, "sha512-eFuaLoy/Rxalv2kr+lqMlUnrDWV+3j4pljOIJgLIhI058IQfWJ7vXhyEIHu+HtC738klGALYxOKDO0bQP3tg8A=="],

    "del": ["del@7.1.0", "", { "dependencies": { "globby": "^13.1.2", "graceful-fs": "^4.2.10", "is-glob": "^4.0.3", "is-path-cwd": "^3.0.0", "is-path-inside": "^4.0.0", "p-map": "^5.5.0", "rimraf": "^3.0.2", "slash": "^4.0.0" } }, "sha512-v2KyNk7efxhlyHpjEvfyxaAihKKK0nWCuf6ZtqZcFFpQRG0bJ12Qsr0RpvsICMjAAZ8DOVCxrlqpxISlMHC4Kg=="],

    "detect-file": ["detect-file@1.0.0", "", {}, "sha512-DtCOLG98P007x7wiiOmfI0fi3eIKyWiLTGJ2MDnVi/E04lWGbf+JzrRHMm0rgIIZJGtHpKpbVgLWHrv8xXpc3Q=="],

    "dir-glob": ["dir-glob@3.0.1", "", { "dependencies": { "path-type": "^4.0.0" } }, "sha512-WkrWp9GR4KXfKGYzOLmTuGVi1UWFfws377n9cc55/tb6DuqyF6pcQ5AbiHEshaDpY9v6oaSr2XCDidGmMwdzIA=="],

    "dot-case": ["dot-case@3.0.4", "", { "dependencies": { "no-case": "^3.0.4", "tslib": "^2.0.3" } }, "sha512-Kv5nKlh6yRrdrGvxeJ2e5y2eRUpkUosIW4A2AS38zwSz27zu7ufDwQPi5Jhs3XAlGNetl3bmnGhQsMtkKJnj3w=="],

    "dotenv": ["dotenv@16.4.7", "", {}, "sha512-47qPchRCykZC03FhkYAhrvwU4xDBFIj1QPqaarj6mdM/hgUzfPHcpkHJOn3mJAufFeeAxAzeGsr5X0M4k6fLZQ=="],

    "emoji-regex": ["emoji-regex@10.4.0", "", {}, "sha512-EC+0oUMY1Rqm4O6LLrgjtYDvcVYTy7chDnM4Q7030tP4Kwj3u/pR6gP9ygnp2CJMK5Gq+9Q2oqmrFJAz01DXjw=="],

    "escape-string-regexp": ["escape-string-regexp@5.0.0", "", {}, "sha512-/veY75JbMK4j1yjvuUxuVsiS/hr/4iHs9FTT6cgTexxdE0Ly/glccBAkloH/DofkjRbZU3bnoj38mOmhkZ0lHw=="],

    "expand-tilde": ["expand-tilde@2.0.2", "", { "dependencies": { "homedir-polyfill": "^1.0.1" } }, "sha512-A5EmesHW6rfnZ9ysHQjPdJRni0SRar0tjtG5MNtm9n5TUvsYU8oozprtRD4AqHxcZWWlVuAmQo2nWKfN9oyjTw=="],

    "extend": ["extend@3.0.2", "", {}, "sha512-fjquC59cD7CyW6urNXK0FBufkZcoiGG80wTuPujX590cB5Ttln20E2UB4S/WARVqhXffZl2LNgS+gQdPIIim/g=="],

    "external-editor": ["external-editor@3.1.0", "", { "dependencies": { "chardet": "^0.7.0", "iconv-lite": "^0.4.24", "tmp": "^0.0.33" } }, "sha512-hMQ4CX1p1izmuLYyZqLMO/qGNw10wSv9QDCPfzXfyFrOaCSSoRfqE1Kf1s5an66J5JZC62NewG+mK49jOCtQew=="],

    "fast-content-type-parse": ["fast-content-type-parse@2.0.1", "", {}, "sha512-nGqtvLrj5w0naR6tDPfB4cUmYCqouzyQiz6C5y/LtcDllJdrcc6WaWW6iXyIIOErTa/XRybj28aasdn4LkVk6Q=="],

    "fast-glob": ["fast-glob@3.3.3", "", { "dependencies": { "@nodelib/fs.stat": "^2.0.2", "@nodelib/fs.walk": "^1.2.3", "glob-parent": "^5.1.2", "merge2": "^1.3.0", "micromatch": "^4.0.8" } }, "sha512-7MptL8U0cqcFdzIzwOTHoilX9x5BrNqye7Z/LuC7kCMRio1EMSyqRK3BEAUD7sXRq4iT4AzTVuZdhgQ2TCvYLg=="],

    "fastq": ["fastq@1.19.0", "", { "dependencies": { "reusify": "^1.0.4" } }, "sha512-7SFSRCNjBQIZH/xZR3iy5iQYR8aGBE0h3VG6/cwlbrpdciNYBMotQav8c1XI3HjHH+NikUpP53nPdlZSdWmFzA=="],

    "fill-range": ["fill-range@7.1.1", "", { "dependencies": { "to-regex-range": "^5.0.1" } }, "sha512-YsGpe3WHLK8ZYi4tWDg2Jy3ebRz2rXowDxnld4bkQB00cc/1Zw9AWnC0i9ztDJitivtQvaI9KaLyKrc+hBW0yg=="],

    "findup-sync": ["findup-sync@5.0.0", "", { "dependencies": { "detect-file": "^1.0.0", "is-glob": "^4.0.3", "micromatch": "^4.0.4", "resolve-dir": "^1.0.1" } }, "sha512-MzwXju70AuyflbgeOhzvQWAvvQdo1XL0A9bVvlXsYcFEBM87WR4OakL4OfZq+QRmr+duJubio+UtNQCPsVESzQ=="],

    "fined": ["fined@2.0.0", "", { "dependencies": { "expand-tilde": "^2.0.2", "is-plain-object": "^5.0.0", "object.defaults": "^1.1.0", "object.pick": "^1.3.0", "parse-filepath": "^1.0.2" } }, "sha512-OFRzsL6ZMHz5s0JrsEr+TpdGNCtrVtnuG3x1yzGNiQHT0yaDnXAj8V/lWcpJVrnoDpcwXcASxAZYbuXda2Y82A=="],

    "flagged-respawn": ["flagged-respawn@2.0.0", "", {}, "sha512-Gq/a6YCi8zexmGHMuJwahTGzXlAZAOsbCVKduWXC6TlLCjjFRlExMJc4GC2NYPYZ0r/brw9P7CpRgQmlPVeOoA=="],

    "for-in": ["for-in@1.0.2", "", {}, "sha512-7EwmXrOjyL+ChxMhmG5lnW9MPt1aIeZEwKhQzoBUdTV0N3zuwWDZYVJatDvZ2OyzPUvdIAZDsCetk3coyMfcnQ=="],

    "for-own": ["for-own@1.0.0", "", { "dependencies": { "for-in": "^1.0.1" } }, "sha512-0OABksIGrxKK8K4kynWkQ7y1zounQxP+CWnyclVwj81KW3vlLlGUx57DKGcP/LH216GzqnstnPocF16Nxs0Ycg=="],

    "fs.realpath": ["fs.realpath@1.0.0", "", {}, "sha512-OO0pH2lK6a0hZnAdau5ItzHPI6pUlvI7jMVnxUQRtw4owF2wk8lOSabtGDCTP4Ggrg2MbGnWO9X8K1t4+fGMDw=="],

    "function-bind": ["function-bind@1.1.2", "", {}, "sha512-7XHNxH7qX9xG5mIwxkhumTox/MIRNcOgDrxWsMt2pAr23WHp6MrRlN7FBSFpCpr+oVO0F744iUgR82nJMfG2SA=="],

    "get-east-asian-width": ["get-east-asian-width@1.3.0", "", {}, "sha512-vpeMIQKxczTD/0s2CdEWHcb0eeJe6TFjxb+J5xgX7hScxqrGuyjmv4c1D4A/gelKfyox0gJJwIHF+fLjeaM8kQ=="],

    "glob": ["glob@7.2.3", "", { "dependencies": { "fs.realpath": "^1.0.0", "inflight": "^1.0.4", "inherits": "2", "minimatch": "^3.1.1", "once": "^1.3.0", "path-is-absolute": "^1.0.0" } }, "sha512-nFR0zLpU2YCaRxwoCJvL6UvCH2JFyFVIvwTLsIf21AuHlMskA1hhTdk+LlYJtOlYt9v6dvszD2BGRqBL+iQK9Q=="],

    "glob-parent": ["glob-parent@5.1.2", "", { "dependencies": { "is-glob": "^4.0.1" } }, "sha512-AOIgSQCepiJYwP3ARnGx+5VnTu2HBYdzbGP45eLw1vr3zB3vZLeyed1sC9hnbcOc9/SrMyM5RPQrkGz4aS9Zow=="],

    "global-modules": ["global-modules@1.0.0", "", { "dependencies": { "global-prefix": "^1.0.1", "is-windows": "^1.0.1", "resolve-dir": "^1.0.0" } }, "sha512-sKzpEkf11GpOFuw0Zzjzmt4B4UZwjOcG757PPvrfhxcLFbq0wpsgpOqxpxtxFiCG4DtG93M6XRVbF2oGdev7bg=="],

    "global-prefix": ["global-prefix@1.0.2", "", { "dependencies": { "expand-tilde": "^2.0.2", "homedir-polyfill": "^1.0.1", "ini": "^1.3.4", "is-windows": "^1.0.1", "which": "^1.2.14" } }, "sha512-5lsx1NUDHtSjfg0eHlmYvZKv8/nVqX4ckFbM+FrGcQ+04KWcWFo9P5MxPZYSzUvyzmdTbI7Eix8Q4IbELDqzKg=="],

    "globby": ["globby@13.2.2", "", { "dependencies": { "dir-glob": "^3.0.1", "fast-glob": "^3.3.0", "ignore": "^5.2.4", "merge2": "^1.4.1", "slash": "^4.0.0" } }, "sha512-Y1zNGV+pzQdh7H39l9zgB4PJqjRNqydvdYCDG4HFXM4XuvSaQQlEc91IU1yALL8gUTDomgBAfz3XJdmUS+oo0w=="],

    "graceful-fs": ["graceful-fs@4.2.11", "", {}, "sha512-RbJ5/jmFcNNCcDV5o9eTnBLJ/HszWV0P73bc+Ff4nS/rJj+YaS6IGyiOL0VoBYX+l1Wrl3k63h/KrH+nhJ0XvQ=="],

    "handlebars": ["handlebars@4.7.8", "", { "dependencies": { "minimist": "^1.2.5", "neo-async": "^2.6.2", "source-map": "^0.6.1", "wordwrap": "^1.0.0" }, "optionalDependencies": { "uglify-js": "^3.1.4" }, "bin": { "handlebars": "bin/handlebars" } }, "sha512-vafaFqs8MZkRrSX7sFVUdo3ap/eNiLnb4IakshzvP56X5Nr1iGKAIqdX6tMlm6HcNRIkr6AxO5jFEoJzzpT8aQ=="],

    "has-flag": ["has-flag@4.0.0", "", {}, "sha512-EykJT/Q1KjTWctppgIAgfSO0tKVuZUjhgMr17kqTumMl6Afv3EISleU7qZUzoXDFTAHTDC4NOoG/ZxU3EvlMPQ=="],

    "hasown": ["hasown@2.0.2", "", { "dependencies": { "function-bind": "^1.1.2" } }, "sha512-0hJU9SCPvmMzIBdZFqNPXWa6dqh7WdH0cII9y+CyS8rG3nL48Bclra9HmKhVVUHyPWNH5Y7xDwAB7bfgSjkUMQ=="],

    "header-case": ["header-case@2.0.4", "", { "dependencies": { "capital-case": "^1.0.4", "tslib": "^2.0.3" } }, "sha512-H/vuk5TEEVZwrR0lp2zed9OCo1uAILMlx0JEMgC26rzyJJ3N1v6XkwHHXJQdR2doSjcGPM6OKPYoJgf0plJ11Q=="],

    "homedir-polyfill": ["homedir-polyfill@1.0.3", "", { "dependencies": { "parse-passwd": "^1.0.0" } }, "sha512-eSmmWE5bZTK2Nou4g0AI3zZ9rswp7GRKoKXS1BLUkvPviOqs4YTN1djQIqrXy9k5gEtdLPy86JjRwsNM9tnDcA=="],

    "iconv-lite": ["iconv-lite@0.4.24", "", { "dependencies": { "safer-buffer": ">= 2.1.2 < 3" } }, "sha512-v3MXnZAcvnywkTUEZomIActle7RXXeedOR31wwl7VlyoXO4Qi9arvSenNQWne1TcRwhCL1HwLI21bEqdpj8/rA=="],

    "ieee754": ["ieee754@1.2.1", "", {}, "sha512-dcyqhDvX1C46lXZcVqCpK+FtMRQVdIMN6/Df5js2zouUsqG7I6sFxitIC+7KYK29KdXOLHdu9zL4sFnoVQnqaA=="],

    "ignore": ["ignore@5.3.2", "", {}, "sha512-hsBTNUqQTDwkWtcdYI2i06Y/nUBEsNEDJKjWdigLvegy8kDuJAS8uRlpkkcQpyEXL0Z/pjDy5HBmMjRCJ2gq+g=="],

    "indent-string": ["indent-string@5.0.0", "", {}, "sha512-m6FAo/spmsW2Ab2fU35JTYwtOKa2yAwXSwgjSv1TJzh4Mh7mC3lzAOVLBprb72XsTrgkEIsl7YrFNAiDiRhIGg=="],

    "inflight": ["inflight@1.0.6", "", { "dependencies": { "once": "^1.3.0", "wrappy": "1" } }, "sha512-k92I/b08q4wvFscXCLvqfsHCrjrF7yiXsQuIVvVE7N82W3+aqpzuUdBbfhWcy/FZR3/4IgflMgKLOsvPDrGCJA=="],

    "inherits": ["inherits@2.0.4", "", {}, "sha512-k/vGaX4/Yla3WzyMCvTQOXYeIHvqOKtnqBduzTHpzpQZzAskKMhZ2K+EnBiSM9zGSoIFeMpXKxa4dYeZIQqewQ=="],

    "ini": ["ini@1.3.8", "", {}, "sha512-JV/yugV2uzW5iMRSiZAyDtQd+nxtUnjeLt0acNdw98kKLrvuRVyB80tsREOE7yvGVgalhZ6RNXCmEHkUKBKxew=="],

    "inquirer": ["inquirer@9.3.7", "", { "dependencies": { "@inquirer/figures": "^1.0.3", "ansi-escapes": "^4.3.2", "cli-width": "^4.1.0", "external-editor": "^3.1.0", "mute-stream": "1.0.0", "ora": "^5.4.1", "run-async": "^3.0.0", "rxjs": "^7.8.1", "string-width": "^4.2.3", "strip-ansi": "^6.0.1", "wrap-ansi": "^6.2.0", "yoctocolors-cjs": "^2.1.2" } }, "sha512-LJKFHCSeIRq9hanN14IlOtPSTe3lNES7TYDTE2xxdAy1LS5rYphajK1qtwvj3YmQXvvk0U2Vbmcni8P9EIQW9w=="],

    "interpret": ["interpret@3.1.1", "", {}, "sha512-6xwYfHbajpoF0xLW+iwLkhwgvLoZDfjYfoFNu8ftMoXINzwuymNLd9u/KmwtdT2GbR+/Cz66otEGEVVUHX9QLQ=="],

    "is-absolute": ["is-absolute@1.0.0", "", { "dependencies": { "is-relative": "^1.0.0", "is-windows": "^1.0.1" } }, "sha512-dOWoqflvcydARa360Gvv18DZ/gRuHKi2NU/wU5X1ZFzdYfH29nkiNZsF3mp4OJ3H4yo9Mx8A/uAGNzpzPN3yBA=="],

    "is-core-module": ["is-core-module@2.16.1", "", { "dependencies": { "hasown": "^2.0.2" } }, "sha512-UfoeMA6fIJ8wTYFEUjelnaGI67v6+N7qXJEvQuIGa99l4xsCruSYOVSQ0uPANn4dAzm8lkYPaKLrrijLq7x23w=="],

    "is-extglob": ["is-extglob@2.1.1", "", {}, "sha512-SbKbANkN603Vi4jEZv49LeVJMn4yGwsbzZworEoyEiutsN3nJYdbO36zfhGJ6QEDpOZIFkDtnq5JRxmvl3jsoQ=="],

    "is-fullwidth-code-point": ["is-fullwidth-code-point@3.0.0", "", {}, "sha512-zymm5+u+sCsSWyD9qNaejV3DFvhCKclKdizYaJUuHA83RLjb7nSuGnddCHGv0hk+KY7BMAlsWeK4Ueg6EV6XQg=="],

    "is-glob": ["is-glob@4.0.3", "", { "dependencies": { "is-extglob": "^2.1.1" } }, "sha512-xelSayHH36ZgE7ZWhli7pW34hNbNl8Ojv5KVmkJD4hBdD3th8Tfk9vYasLM+mXWOZhFkgZfxhLSnrwRr4elSSg=="],

    "is-interactive": ["is-interactive@2.0.0", "", {}, "sha512-qP1vozQRI+BMOPcjFzrjXuQvdak2pHNUMZoeG2eRbiSqyvbEf/wQtEOTOX1guk6E3t36RkaqiSt8A/6YElNxLQ=="],

    "is-number": ["is-number@7.0.0", "", {}, "sha512-41Cifkg6e8TylSpdtTpeLVMqvSBEVzTttHvERD741+pnZ8ANv0004MRL43QKPDlK9cGvNp6NZWZUBlbGXYxxng=="],

    "is-path-cwd": ["is-path-cwd@3.0.0", "", {}, "sha512-kyiNFFLU0Ampr6SDZitD/DwUo4Zs1nSdnygUBqsu3LooL00Qvb5j+UnvApUn/TTj1J3OuE6BTdQ5rudKmU2ZaA=="],

    "is-path-inside": ["is-path-inside@4.0.0", "", {}, "sha512-lJJV/5dYS+RcL8uQdBDW9c9uWFLLBNRyFhnAKXw5tVqLlKZ4RMGZKv+YQ/IA3OhD+RpbJa1LLFM1FQPGyIXvOA=="],

    "is-plain-object": ["is-plain-object@5.0.0", "", {}, "sha512-VRSzKkbMm5jMDoKLbltAkFQ5Qr7VDiTFGXxYFXXowVj387GeGNOCsOH6Msy00SGZ3Fp84b1Naa1psqgcCIEP5Q=="],

    "is-relative": ["is-relative@1.0.0", "", { "dependencies": { "is-unc-path": "^1.0.0" } }, "sha512-Kw/ReK0iqwKeu0MITLFuj0jbPAmEiOsIwyIXvvbfa6QfmN9pkD1M+8pdk7Rl/dTKbH34/XBFMbgD4iMJhLQbGA=="],

    "is-unc-path": ["is-unc-path@1.0.0", "", { "dependencies": { "unc-path-regex": "^0.1.2" } }, "sha512-mrGpVd0fs7WWLfVsStvgF6iEJnbjDFZh9/emhRDcGWTduTfNHd9CHeUwH3gYIjdbwo4On6hunkztwOaAw0yllQ=="],

    "is-unicode-supported": ["is-unicode-supported@2.1.0", "", {}, "sha512-mE00Gnza5EEB3Ds0HfMyllZzbBrmLOX3vfWoj9A9PEnTfratQ/BcaJOuMhnkhjXvb2+FkY3VuHqtAGpTPmglFQ=="],

    "is-windows": ["is-windows@1.0.2", "", {}, "sha512-eXK1UInq2bPmjyX6e3VHIzMLobc4J94i4AWn+Hpq3OU5KkrRC96OAcR3PRJ/pGu6m8TRnBHP9dkXQVsT/COVIA=="],

    "isbinaryfile": ["isbinaryfile@5.0.4", "", {}, "sha512-YKBKVkKhty7s8rxddb40oOkuP0NbaeXrQvLin6QMHL7Ypiy2RW9LwOVrVgZRyOrhQlayMd9t+D8yDy8MKFTSDQ=="],

    "isexe": ["isexe@2.0.0", "", {}, "sha512-RHxMLp9lnKHGHRng9QFhRCMbYAcVpn69smSGcq3f36xjgVVWThj4qqLbTLlq7Ssj8B+fIQ1EuCEGI2lKsyQeIw=="],

    "isobject": ["isobject@3.0.1", "", {}, "sha512-WhB9zCku7EGTj/HQQRz5aUQEUeoQZH2bWcltRErOpymJ4boYE6wL9Tbr23krRPSZ+C5zqNSrSw+Cc7sZZ4b7vg=="],

    "kind-of": ["kind-of@6.0.3", "", {}, "sha512-dcS1ul+9tmeD95T+x28/ehLgd9mENa3LsvDTtzm3vyBEO7RPptvAD+t44WVXaUjTBRcrpFeFlC8WCruUR456hw=="],

    "liftoff": ["liftoff@4.0.0", "", { "dependencies": { "extend": "^3.0.2", "findup-sync": "^5.0.0", "fined": "^2.0.0", "flagged-respawn": "^2.0.0", "is-plain-object": "^5.0.0", "object.map": "^1.0.1", "rechoir": "^0.8.0", "resolve": "^1.20.0" } }, "sha512-rMGwYF8q7g2XhG2ulBmmJgWv25qBsqRbDn5gH0+wnuyeFt7QBJlHJmtg5qEdn4pN6WVAUMgXnIxytMFRX9c1aA=="],

    "lodash.get": ["lodash.get@4.4.2", "", {}, "sha512-z+Uw/vLuy6gQe8cfaFWD7p0wVv8fJl3mbzXh33RS+0oW2wvUqiRXiQ69gLWSLpgB5/6sU+r6BlQR0MBILadqTQ=="],

    "log-symbols": ["log-symbols@6.0.0", "", { "dependencies": { "chalk": "^5.3.0", "is-unicode-supported": "^1.3.0" } }, "sha512-i24m8rpwhmPIS4zscNzK6MSEhk0DUWa/8iYQWxhffV8jkI4Phvs3F+quL5xvS0gdQR0FyTCMMH33Y78dDTzzIw=="],

    "lower-case": ["lower-case@2.0.2", "", { "dependencies": { "tslib": "^2.0.3" } }, "sha512-7fm3l3NAF9WfN6W3JOmf5drwpVqX78JtoGJ3A6W0a6ZnldM41w2fV5D490psKFTpMds8TJse/eHLFFsNHHjHgg=="],

    "make-iterator": ["make-iterator@1.0.1", "", { "dependencies": { "kind-of": "^6.0.2" } }, "sha512-pxiuXh0iVEq7VM7KMIhs5gxsfxCux2URptUQaXo4iZZJxBAzTPOLE2BumO5dbfVYq/hBJFBR/a1mFDmOx5AGmw=="],

    "map-cache": ["map-cache@0.2.2", "", {}, "sha512-8y/eV9QQZCiyn1SprXSrCmqJN0yNRATe+PO8ztwqrvrbdRLA3eYJF0yaR0YayLWkMbsQSKWS9N2gPcGEc4UsZg=="],

    "merge2": ["merge2@1.4.1", "", {}, "sha512-8q7VEgMJW4J8tcfVPy8g09NcQwZdbwFEqhe/WZkoIzjn/3TGDwtOCYtXGxA3O8tPzpczCCDgv+P2P5y00ZJOOg=="],

    "micromatch": ["micromatch@4.0.8", "", { "dependencies": { "braces": "^3.0.3", "picomatch": "^2.3.1" } }, "sha512-PXwfBhYu0hBCPw8Dn0E+WDYb7af3dSLVWKi3HGv84IdF4TyFoC0ysxFd0Goxw7nSv4T/PzEJQxsYsEiFCKo2BA=="],

    "mimic-fn": ["mimic-fn@2.1.0", "", {}, "sha512-OqbOk5oEQeAZ8WXWydlu9HJjz9WVdEIvamMCcXmuqUYjTknH/sqsWvhQ3vgwKFRR1HpjvNBKQ37nbJgYzGqGcg=="],

    "mimic-function": ["mimic-function@5.0.1", "", {}, "sha512-VP79XUPxV2CigYP3jWwAUFSku2aKqBH7uTAapFWCBqutsbmDo96KY5o8uh6U+/YSIn5OxJnXp73beVkpqMIGhA=="],

    "minimatch": ["minimatch@3.1.2", "", { "dependencies": { "brace-expansion": "^1.1.7" } }, "sha512-J7p63hRiAjw1NDEww1W7i37+ByIrOWO5XQQAzZ3VOcL0PNybwpfmV/N05zFAzwQ9USyEcX6t3UO+K5aqBQOIHw=="],

    "minimist": ["minimist@1.2.8", "", {}, "sha512-2yyAR8qBkN3YuheJanUpWC5U3bb5osDywNB8RzDVlDwDHbocAJveqqj1u8+SVD7jkWT4yvsHCpWqqWqAxb0zCA=="],

    "mkdirp": ["mkdirp@3.0.1", "", { "bin": { "mkdirp": "dist/cjs/src/bin.js" } }, "sha512-+NsyUUAZDmo6YVHzL/stxSu3t9YS1iljliy3BSDrXJ/dkn1KYdmtZODGGjLcc9XLgVVpH4KshHB8XmZgMhaBXg=="],

    "mute-stream": ["mute-stream@1.0.0", "", {}, "sha512-avsJQhyd+680gKXyG/sQc0nXaC6rBkPOfyHYcFb9+hdkqQkR9bdnkJ0AMZhke0oesPqIO+mFFJ+IdBc7mst4IA=="],

    "neo-async": ["neo-async@2.6.2", "", {}, "sha512-Yd3UES5mWCSqR+qNT93S3UoYUkqAZ9lLg8a7g9rimsWmYGK8cVToA4/sF3RrshdyV3sAGMXVUmpMYOw+dLpOuw=="],

    "no-case": ["no-case@3.0.4", "", { "dependencies": { "lower-case": "^2.0.2", "tslib": "^2.0.3" } }, "sha512-fgAN3jGAh+RoxUGZHTSOLJIqUc2wmoBwGR4tbpNAKmmovFoWq0OdRkb0VkldReO2a2iBT/OEulG9XSUc10r3zg=="],

    "node-plop": ["node-plop@0.32.0", "", { "dependencies": { "@types/inquirer": "^9.0.3", "change-case": "^4.1.2", "del": "^7.1.0", "globby": "^13.2.2", "handlebars": "^4.7.8", "inquirer": "^9.2.10", "isbinaryfile": "^5.0.0", "lodash.get": "^4.4.2", "lower-case": "^2.0.2", "mkdirp": "^3.0.1", "resolve": "^1.22.4", "title-case": "^3.0.3", "upper-case": "^2.0.2" } }, "sha512-lKFSRSRuDHhwDKMUobdsvaWCbbDRbV3jMUSMiajQSQux1aNUevAZVxUHc2JERI//W8ABPRbi3ebYuSuIzkNIpQ=="],

    "object.defaults": ["object.defaults@1.1.0", "", { "dependencies": { "array-each": "^1.0.1", "array-slice": "^1.0.0", "for-own": "^1.0.0", "isobject": "^3.0.0" } }, "sha512-c/K0mw/F11k4dEUBMW8naXUuBuhxRCfG7W+yFy8EcijU/rSmazOUd1XAEEe6bC0OuXY4HUKjTJv7xbxIMqdxrA=="],

    "object.map": ["object.map@1.0.1", "", { "dependencies": { "for-own": "^1.0.0", "make-iterator": "^1.0.0" } }, "sha512-3+mAJu2PLfnSVGHwIWubpOFLscJANBKuB/6A4CxBstc4aqwQY0FWcsppuy4jU5GSB95yES5JHSI+33AWuS4k6w=="],

    "object.pick": ["object.pick@1.3.0", "", { "dependencies": { "isobject": "^3.0.1" } }, "sha512-tqa/UMy/CCoYmj+H5qc07qvSL9dqcs/WZENZ1JbtWBlATP+iVOe778gE6MSijnyCnORzDuX6hU+LA4SZ09YjFQ=="],

    "once": ["once@1.4.0", "", { "dependencies": { "wrappy": "1" } }, "sha512-lNaJgI+2Q5URQBkccEKHTQOPaXdUxnZZElQTZY0MFUAuaEqe1E+Nyvgdz/aIyNi6Z9MzO5dv1H8n58/GELp3+w=="],

    "onetime": ["onetime@7.0.0", "", { "dependencies": { "mimic-function": "^5.0.0" } }, "sha512-VXJjc87FScF88uafS3JllDgvAm+c/Slfz06lorj2uAY34rlUu0Nt+v8wreiImcrgAjjIHp1rXpTDlLOGw29WwQ=="],

    "ora": ["ora@8.2.0", "", { "dependencies": { "chalk": "^5.3.0", "cli-cursor": "^5.0.0", "cli-spinners": "^2.9.2", "is-interactive": "^2.0.0", "is-unicode-supported": "^2.0.0", "log-symbols": "^6.0.0", "stdin-discarder": "^0.2.2", "string-width": "^7.2.0", "strip-ansi": "^7.1.0" } }, "sha512-weP+BZ8MVNnlCm8c0Qdc1WSWq4Qn7I+9CJGm7Qali6g44e/PUzbjNqJX5NJ9ljlNMosfJvg1fKEGILklK9cwnw=="],

    "os-tmpdir": ["os-tmpdir@1.0.2", "", {}, "sha512-D2FR03Vir7FIu45XBY20mTb+/ZSWB00sjU9jdQXt83gDrI4Ztz5Fs7/yy74g2N5SVQY4xY1qDr4rNddwYRVX0g=="],

    "p-map": ["p-map@5.5.0", "", { "dependencies": { "aggregate-error": "^4.0.0" } }, "sha512-VFqfGDHlx87K66yZrNdI4YGtD70IRyd+zSvgks6mzHPRNkoKy+9EKP4SFC77/vTTQYmRmti7dvqC+m5jBrBAcg=="],

    "param-case": ["param-case@3.0.4", "", { "dependencies": { "dot-case": "^3.0.4", "tslib": "^2.0.3" } }, "sha512-RXlj7zCYokReqWpOPH9oYivUzLYZ5vAPIfEmCTNViosC78F8F0H9y7T7gG2M39ymgutxF5gcFEsyZQSph9Bp3A=="],

    "parse-filepath": ["parse-filepath@1.0.2", "", { "dependencies": { "is-absolute": "^1.0.0", "map-cache": "^0.2.0", "path-root": "^0.1.1" } }, "sha512-FwdRXKCohSVeXqwtYonZTXtbGJKrn+HNyWDYVcp5yuJlesTwNH4rsmRZ+GrKAPJ5bLpRxESMeS+Rl0VCHRvB2Q=="],

    "parse-passwd": ["parse-passwd@1.0.0", "", {}, "sha512-1Y1A//QUXEZK7YKz+rD9WydcE1+EuPr6ZBgKecAB8tmoW6UFv0NREVJe1p+jRxtThkcbbKkfwIbWJe/IeE6m2Q=="],

    "pascal-case": ["pascal-case@3.1.2", "", { "dependencies": { "no-case": "^3.0.4", "tslib": "^2.0.3" } }, "sha512-uWlGT3YSnK9x3BQJaOdcZwrnV6hPpd8jFH1/ucpiLRPh/2zCVJKS19E4GvYHvaCcACn3foXZ0cLB9Wrx1KGe5g=="],

    "path-case": ["path-case@3.0.4", "", { "dependencies": { "dot-case": "^3.0.4", "tslib": "^2.0.3" } }, "sha512-qO4qCFjXqVTrcbPt/hQfhTQ+VhFsqNKOPtytgNKkKxSoEp3XPUQ8ObFuePylOIok5gjn69ry8XiULxCwot3Wfg=="],

    "path-is-absolute": ["path-is-absolute@1.0.1", "", {}, "sha512-AVbw3UJ2e9bq64vSaS9Am0fje1Pa8pbGqTTsmXfaIiMpnr5DlDhfJOuLj9Sf95ZPVDAUerDfEk88MPmPe7UCQg=="],

    "path-parse": ["path-parse@1.0.7", "", {}, "sha512-LDJzPVEEEPR+y48z93A0Ed0yXb8pAByGWo/k5YYdYgpY2/2EsOsksJrq7lOHxryrVOn1ejG6oAp8ahvOIQD8sw=="],

    "path-root": ["path-root@0.1.1", "", { "dependencies": { "path-root-regex": "^0.1.0" } }, "sha512-QLcPegTHF11axjfojBIoDygmS2E3Lf+8+jI6wOVmNVenrKSo3mFdSGiIgdSHenczw3wPtlVMQaFVwGmM7BJdtg=="],

    "path-root-regex": ["path-root-regex@0.1.2", "", {}, "sha512-4GlJ6rZDhQZFE0DPVKh0e9jmZ5egZfxTkp7bcRDuPlJXbAwhxcl2dINPUAsjLdejqaLsCeg8axcLjIbvBjN4pQ=="],

    "path-type": ["path-type@4.0.0", "", {}, "sha512-gDKb8aZMDeD/tZWs9P6+q0J9Mwkdl6xMV8TjnGP3qJVJ06bdMgkbBlLU8IdfOsIsFz2BW1rNVT3XuNEl8zPAvw=="],

    "picomatch": ["picomatch@2.3.1", "", {}, "sha512-JU3teHTNjmE2VCGFzuY8EXzCDVwEqB2a8fsIvwaStHhAWJEeVd1o1QD80CU6+ZdEXXSLbSsuLwJjkCBWqRQUVA=="],

    "plop": ["plop@4.0.1", "", { "dependencies": { "@types/liftoff": "^4.0.3", "chalk": "^5.3.0", "interpret": "^3.1.1", "liftoff": "^4.0.0", "minimist": "^1.2.8", "node-plop": "^0.32.0", "ora": "^8.0.0", "v8flags": "^4.0.1" }, "bin": { "plop": "bin/plop.js" } }, "sha512-5n8QU93kvL/ObOzBcPAB1siVFtAH1TZM6TntJ3JK5kXT0jIgnQV+j+uaOWWFJlg1cNkzLYm8klgASF65K36q9w=="],

    "queue-microtask": ["queue-microtask@1.2.3", "", {}, "sha512-NuaNSa6flKT5JaSYQzJok04JzTL1CA6aGhv5rfLW3PgqA+M2ChpZQnAC8h8i4ZFkBS8X5RqkDBHA7r4hej3K9A=="],

    "react": ["react@19.0.0", "", {}, "sha512-V8AVnmPIICiWpGfm6GLzCR/W5FXLchHop40W4nXBmdlEceh16rCN8O8LNWm5bh5XUX91fh7KpA+W0TgMKmgTpQ=="],

    "readable-stream": ["readable-stream@3.6.2", "", { "dependencies": { "inherits": "^2.0.3", "string_decoder": "^1.1.1", "util-deprecate": "^1.0.1" } }, "sha512-9u/sniCrY3D5WdsERHzHE4G2YCXqoG5FTHUiCC4SIbr6XcLZBY05ya9EKjYek9O5xOAwjGq+1JdGBAS7Q9ScoA=="],

    "rechoir": ["rechoir@0.8.0", "", { "dependencies": { "resolve": "^1.20.0" } }, "sha512-/vxpCXddiX8NGfGO/mTafwjq4aFa/71pvamip0++IQk3zG8cbCj0fifNPrjjF1XMXUne91jL9OoxmdykoEtifQ=="],

    "resolve": ["resolve@1.22.10", "", { "dependencies": { "is-core-module": "^2.16.0", "path-parse": "^1.0.7", "supports-preserve-symlinks-flag": "^1.0.0" }, "bin": { "resolve": "bin/resolve" } }, "sha512-NPRy+/ncIMeDlTAsuqwKIiferiawhefFJtkNSW0qZJEqMEb+qBt/77B/jGeeek+F0uOeN05CDa6HXbbIgtVX4w=="],

    "resolve-dir": ["resolve-dir@1.0.1", "", { "dependencies": { "expand-tilde": "^2.0.0", "global-modules": "^1.0.0" } }, "sha512-R7uiTjECzvOsWSfdM0QKFNBVFcK27aHOUwdvK53BcW8zqnGdYp0Fbj82cy54+2A4P2tFM22J5kRfe1R+lM/1yg=="],

    "restore-cursor": ["restore-cursor@5.1.0", "", { "dependencies": { "onetime": "^7.0.0", "signal-exit": "^4.1.0" } }, "sha512-oMA2dcrw6u0YfxJQXm342bFKX/E4sG9rbTzO9ptUcR/e8A33cHuvStiYOwH7fszkZlZ1z/ta9AAoPk2F4qIOHA=="],

    "reusify": ["reusify@1.0.4", "", {}, "sha512-U9nH88a3fc/ekCF1l0/UP1IosiuIjyTh7hBvXVMHYgVcfGvt897Xguj2UOLDeI5BG2m7/uwyaLVT6fbtCwTyzw=="],

    "rimraf": ["rimraf@3.0.2", "", { "dependencies": { "glob": "^7.1.3" }, "bin": { "rimraf": "bin.js" } }, "sha512-JZkJMZkAGFFPP2YqXZXPbMlMBgsxzE8ILs4lMIX/2o0L9UBw9O/Y3o6wFw/i9YLapcUJWwqbi3kdxIPdC62TIA=="],

    "run-async": ["run-async@3.0.0", "", {}, "sha512-540WwVDOMxA6dN6We19EcT9sc3hkXPw5mzRNGM3FkdN/vtE9NFvj5lFAPNwUDmJjXidm3v7TC1cTE7t17Ulm1Q=="],

    "run-parallel": ["run-parallel@1.2.0", "", { "dependencies": { "queue-microtask": "^1.2.2" } }, "sha512-5l4VyZR86LZ/lDxZTR6jqL8AFE2S0IFLMP26AbjsLVADxHdhB/c0GUsH+y39UfCi3dzz8OlQuPmnaJOMoDHQBA=="],

    "rxjs": ["rxjs@7.8.1", "", { "dependencies": { "tslib": "^2.1.0" } }, "sha512-AA3TVj+0A2iuIoQkWEK/tqFjBq2j+6PO6Y0zJcvzLAFhEFIO3HL0vls9hWLncZbAAbK0mar7oZ4V079I/qPMxg=="],

    "safe-buffer": ["safe-buffer@5.2.1", "", {}, "sha512-rp3So07KcdmmKbGvgaNxQSJr7bGVSVk5S9Eq1F+ppbRo70+YeaDxkw5Dd8NPN+GD6bjnYm2VuPuCXmpuYvmCXQ=="],

    "safer-buffer": ["safer-buffer@2.1.2", "", {}, "sha512-YZo3K82SD7Riyi0E1EQPojLz7kpepnSQI9IyPbHHg1XXXevb5dJI7tpyN2ADxGcQbHG7vcyRHk0cbwqcQriUtg=="],

    "sentence-case": ["sentence-case@3.0.4", "", { "dependencies": { "no-case": "^3.0.4", "tslib": "^2.0.3", "upper-case-first": "^2.0.2" } }, "sha512-8LS0JInaQMCRoQ7YUytAo/xUu5W2XnQxV2HI/6uM6U7CITS1RqPElr30V6uIqyMKM9lJGRVFy5/4CuzcixNYSg=="],

    "signal-exit": ["signal-exit@4.1.0", "", {}, "sha512-bzyZ1e88w9O1iNJbKnOlvYTrWPDl46O1bG0D3XInv+9tkPrxrN8jUUTiFlDkkmKWgn1M6CfIA13SuGqOa9Korw=="],

    "slash": ["slash@4.0.0", "", {}, "sha512-3dOsAHXXUkQTpOYcoAxLIorMTp4gIQr5IW3iVb7A7lFIp0VHhnynm9izx6TssdrIcVIESAlVjtnO2K8bg+Coew=="],

    "snake-case": ["snake-case@3.0.4", "", { "dependencies": { "dot-case": "^3.0.4", "tslib": "^2.0.3" } }, "sha512-LAOh4z89bGQvl9pFfNF8V146i7o7/CqFPbqzYgP+yYzDIDeS9HaNFtXABamRW+AQzEVODcvE79ljJ+8a9YSdMg=="],

    "source-map": ["source-map@0.6.1", "", {}, "sha512-UjgapumWlbMhkBgzT7Ykc5YXUT46F0iKu8SGXq0bcwP5dz/h0Plj6enJqjz1Zbq2l5WaqYnrVbwWOWMyF3F47g=="],

    "stdin-discarder": ["stdin-discarder@0.2.2", "", {}, "sha512-UhDfHmA92YAlNnCfhmq0VeNL5bDbiZGg7sZ2IvPsXubGkiNa9EC+tUTsjBRsYUAz87btI6/1wf4XoVvQ3uRnmQ=="],

    "string-width": ["string-width@7.2.0", "", { "dependencies": { "emoji-regex": "^10.3.0", "get-east-asian-width": "^1.0.0", "strip-ansi": "^7.1.0" } }, "sha512-tsaTIkKW9b4N+AEj+SVA+WhJzV7/zMhcSu78mLKWSk7cXMOSHsBKFWUs0fWwq8QyK3MgJBQRX6Gbi4kYbdvGkQ=="],

    "string_decoder": ["string_decoder@1.3.0", "", { "dependencies": { "safe-buffer": "~5.2.0" } }, "sha512-hkRX8U1WjJFd8LsDJ2yQ/wWWxaopEsABU1XfkM8A+j0+85JAGppt16cr1Whg6KIbb4okU6Mql6BOj+uup/wKeA=="],

    "strip-ansi": ["strip-ansi@7.1.0", "", { "dependencies": { "ansi-regex": "^6.0.1" } }, "sha512-iq6eVVI64nQQTRYq2KtEg2d2uU7LElhTJwsH4YzIHZshxlgZms/wIc4VoDQTlG/IvVIrBKG06CrZnp0qv7hkcQ=="],

    "supports-color": ["supports-color@7.2.0", "", { "dependencies": { "has-flag": "^4.0.0" } }, "sha512-qpCAvRl9stuOHveKsn7HncJRvv501qIacKzQlO/+Lwxc9+0q2wLyv4Dfvt80/DPn2pqOBsJdDiogXGR9+OvwRw=="],

    "supports-preserve-symlinks-flag": ["supports-preserve-symlinks-flag@1.0.0", "", {}, "sha512-ot0WnXS9fgdkgIcePe6RHNk1WA8+muPa6cSjeR3V8K27q9BB1rTE3R1p7Hv0z1ZyAc8s6Vvv8DIyWf681MAt0w=="],

    "title-case": ["title-case@3.0.3", "", { "dependencies": { "tslib": "^2.0.3" } }, "sha512-e1zGYRvbffpcHIrnuqT0Dh+gEJtDaxDSoG4JAIpq4oDFyooziLBIiYQv0GBT4FUAnUop5uZ1hiIAj7oAF6sOCA=="],

    "tmp": ["tmp@0.0.33", "", { "dependencies": { "os-tmpdir": "~1.0.2" } }, "sha512-jRCJlojKnZ3addtTOjdIqoRuPEKBvNXcGYqzO6zWZX8KfKEpnGY5jfggJQ3EjKuu8D4bJRr0y+cYJFmYbImXGw=="],

    "to-regex-range": ["to-regex-range@5.0.1", "", { "dependencies": { "is-number": "^7.0.0" } }, "sha512-65P7iz6X5yEr1cwcgvQxbbIw7Uk3gOy5dIdtZ4rDveLqhrdJP+Li/Hx6tyK0NEb+2GCyneCMJiGqrADCSNk8sQ=="],

    "tslib": ["tslib@2.8.1", "", {}, "sha512-oJFu94HQb+KVduSUQL7wnpmqnfmLsOA/nAh6b6EH0wCEoK0/mPeXU6c3wKDV83MkOuHPRHtSXKKU99IBazS/2w=="],

    "type-fest": ["type-fest@0.21.3", "", {}, "sha512-t0rzBq87m3fVcduHDUFhKmyyX+9eo6WQjZvf51Ea/M0Q7+T374Jp1aUiyUl0GKxp8M/OETVHSDvmkyPgvX+X2w=="],

    "typescript": ["typescript@5.7.3", "", { "bin": { "tsc": "bin/tsc", "tsserver": "bin/tsserver" } }, "sha512-84MVSjMEHP+FQRPy3pX9sTVV/INIex71s9TL2Gm5FG/WG1SqXeKyZ0k7/blY/4FdOzI12CBy1vGc4og/eus0fw=="],

    "uglify-js": ["uglify-js@3.19.3", "", { "bin": { "uglifyjs": "bin/uglifyjs" } }, "sha512-v3Xu+yuwBXisp6QYTcH4UbH+xYJXqnq2m/LtQVWKWzYc1iehYnLixoQDN9FH6/j9/oybfd6W9Ghwkl8+UMKTKQ=="],

    "unc-path-regex": ["unc-path-regex@0.1.2", "", {}, "sha512-eXL4nmJT7oCpkZsHZUOJo8hcX3GbsiDOa0Qu9F646fi8dT3XuSVopVqAcEiVzSKKH7UoDti23wNX3qGFxcW5Qg=="],

    "undici-types": ["undici-types@6.20.0", "", {}, "sha512-Ny6QZ2Nju20vw1SRHe3d9jVu6gJ+4e3+MMpqu7pqE5HT6WsTSlce++GQmK5UXS8mzV8DSYHrQH+Xrf2jVcuKNg=="],

    "universal-user-agent": ["universal-user-agent@7.0.2", "", {}, "sha512-0JCqzSKnStlRRQfCdowvqy3cy0Dvtlb8xecj/H8JFZuCze4rwjPZQOgvFvn0Ws/usCHQFGpyr+pB9adaGwXn4Q=="],

    "upper-case": ["upper-case@2.0.2", "", { "dependencies": { "tslib": "^2.0.3" } }, "sha512-KgdgDGJt2TpuwBUIjgG6lzw2GWFRCW9Qkfkiv0DxqHHLYJHmtmdUIKcZd8rHgFSjopVTlw6ggzCm1b8MFQwikg=="],

    "upper-case-first": ["upper-case-first@2.0.2", "", { "dependencies": { "tslib": "^2.0.3" } }, "sha512-514ppYHBaKwfJRK/pNC6c/OxfGa0obSnAl106u97Ed0I625Nin96KAjttZF6ZL3e1XLtphxnqrOi9iWgm+u+bg=="],

    "util-deprecate": ["util-deprecate@1.0.2", "", {}, "sha512-EPD5q1uXyFxJpCrLnCc1nHnq3gOa6DZBocAIiI2TaSCA7VCJ1UJDMagCzIkXNsUYfD1daK//LTEQ8xiIbrHtcw=="],

    "v8flags": ["v8flags@4.0.1", "", {}, "sha512-fcRLaS4H/hrZk9hYwbdRM35D0U8IYMfEClhXxCivOojl+yTRAZH3Zy2sSy6qVCiGbV9YAtPssP6jaChqC9vPCg=="],

    "wcwidth": ["wcwidth@1.0.1", "", { "dependencies": { "defaults": "^1.0.3" } }, "sha512-XHPEwS0q6TaxcvG85+8EYkbiCux2XtWG2mkc47Ng2A77BQu9+DqIOJldST4HgPkuea7dvKSj5VgX3P1d4rW8Tg=="],

    "which": ["which@1.3.1", "", { "dependencies": { "isexe": "^2.0.0" }, "bin": { "which": "./bin/which" } }, "sha512-HxJdYWq1MTIQbJ3nw0cqssHoTNU267KlrDuGZ1WYlxDStUtKUhOaJmh112/TZmHxxUfuJqPXSOm7tDyas0OSIQ=="],

    "wordwrap": ["wordwrap@1.0.0", "", {}, "sha512-gvVzJFlPycKc5dZN4yPkP8w7Dc37BtP1yczEneOb4uq34pXZcvrtRTmWV8W+Ume+XCxKgbjM+nevkyFPMybd4Q=="],

    "wrap-ansi": ["wrap-ansi@6.2.0", "", { "dependencies": { "ansi-styles": "^4.0.0", "string-width": "^4.1.0", "strip-ansi": "^6.0.0" } }, "sha512-r6lPcBGxZXlIcymEu7InxDMhdW0KDxpLgoFLcguasxCaJ/SOIZwINatK9KY/tf+ZrlywOKU0UDj3ATXUBfxJXA=="],

    "wrappy": ["wrappy@1.0.2", "", {}, "sha512-l4Sp/DRseor9wL6EvV2+TuQn63dMkPjZ/sp9XkghTEbV9KlPS1xUsZ3u7/IQO4wxtcFB4bgpQPRcR3QCvezPcQ=="],

    "yoctocolors-cjs": ["yoctocolors-cjs@2.1.2", "", {}, "sha512-cYVsTjKl8b+FrnidjibDWskAv7UKOfcwaVZdp/it9n1s9fU3IkgDbhdIRKCW4JDsAlECJY0ytoVPT3sK6kideA=="],

    "inquirer/ora": ["ora@5.4.1", "", { "dependencies": { "bl": "^4.1.0", "chalk": "^4.1.0", "cli-cursor": "^3.1.0", "cli-spinners": "^2.5.0", "is-interactive": "^1.0.0", "is-unicode-supported": "^0.1.0", "log-symbols": "^4.1.0", "strip-ansi": "^6.0.0", "wcwidth": "^1.0.1" } }, "sha512-5b6Y85tPxZZ7QytO+BQzysW31HJku27cRIlkbAXaNx+BdcVi+LlRFmVXzeF6a7JCwJpyw5c4b+YSVImQIrBpuQ=="],

    "inquirer/string-width": ["string-width@4.2.3", "", { "dependencies": { "emoji-regex": "^8.0.0", "is-fullwidth-code-point": "^3.0.0", "strip-ansi": "^6.0.1" } }, "sha512-wKyQRQpjJ0sIp62ErSZdGsjMJWsap5oRNihHhu6G7JVO/9jIB6UyevL+tXuOqrng8j/cxKTWyWUwvSTriiZz/g=="],

    "inquirer/strip-ansi": ["strip-ansi@6.0.1", "", { "dependencies": { "ansi-regex": "^5.0.1" } }, "sha512-Y38VPSHcqkFrCpFnQ9vuSXmquuv5oXOKpGeT6aGrr3o3Gc9AlVa6JBfUSOCnbxGGZF+/0ooI7KrPuUSztUdU5A=="],

    "log-symbols/is-unicode-supported": ["is-unicode-supported@1.3.0", "", {}, "sha512-43r2mRvz+8JRIKnWJ+3j8JtjRKZ6GmjzfaE/qiBJnikNnYv/6bagRJ1kUhNk8R5EX/GkobD+r+sfxCPJsiKBLQ=="],

    "wrap-ansi/string-width": ["string-width@4.2.3", "", { "dependencies": { "emoji-regex": "^8.0.0", "is-fullwidth-code-point": "^3.0.0", "strip-ansi": "^6.0.1" } }, "sha512-wKyQRQpjJ0sIp62ErSZdGsjMJWsap5oRNihHhu6G7JVO/9jIB6UyevL+tXuOqrng8j/cxKTWyWUwvSTriiZz/g=="],

    "wrap-ansi/strip-ansi": ["strip-ansi@6.0.1", "", { "dependencies": { "ansi-regex": "^5.0.1" } }, "sha512-Y38VPSHcqkFrCpFnQ9vuSXmquuv5oXOKpGeT6aGrr3o3Gc9AlVa6JBfUSOCnbxGGZF+/0ooI7KrPuUSztUdU5A=="],

    "inquirer/ora/chalk": ["chalk@4.1.2", "", { "dependencies": { "ansi-styles": "^4.1.0", "supports-color": "^7.1.0" } }, "sha512-oKnbhFyRIXpUuez8iBMmyEa4nbj4IOQyuhc/wy9kY7/WVPcwIO9VA668Pu8RkO7+0G76SLROeyw9CpQ061i4mA=="],

    "inquirer/ora/cli-cursor": ["cli-cursor@3.1.0", "", { "dependencies": { "restore-cursor": "^3.1.0" } }, "sha512-I/zHAwsKf9FqGoXM4WWRACob9+SNukZTd94DWF57E4toouRulbCxcUh6RKUEOQlYTHJnzkPMySvPNaaSLNfLZw=="],

    "inquirer/ora/is-interactive": ["is-interactive@1.0.0", "", {}, "sha512-2HvIEKRoqS62guEC+qBjpvRubdX910WCMuJTZ+I9yvqKU2/12eSL549HMwtabb4oupdj2sMP50k+XJfB/8JE6w=="],

    "inquirer/ora/is-unicode-supported": ["is-unicode-supported@0.1.0", "", {}, "sha512-knxG2q4UC3u8stRGyAVJCOdxFmv5DZiRcdlIaAQXAbSfJya+OhopNotLQrstBhququ4ZpuKbDc/8S6mgXgPFPw=="],

    "inquirer/ora/log-symbols": ["log-symbols@4.1.0", "", { "dependencies": { "chalk": "^4.1.0", "is-unicode-supported": "^0.1.0" } }, "sha512-8XPvpAA8uyhfteu8pIvQxpJZ7SYYdpUivZpGy6sFsBuKRY/7rQGavedeB8aK+Zkyq6upMFVL/9AW6vOYzfRyLg=="],

    "inquirer/string-width/emoji-regex": ["emoji-regex@8.0.0", "", {}, "sha512-MSjYzcWNOA0ewAHpz0MxpYFvwg6yjy1NG3xteoqz644VCo/RPgnr1/GGt+ic3iJTzQ8Eu3TdM14SawnVUmGE6A=="],

    "inquirer/strip-ansi/ansi-regex": ["ansi-regex@5.0.1", "", {}, "sha512-quJQXlTSUGL2LH9SUXo8VwsY4soanhgo6LNSm84E1LBcE8s3O0wpdiRzyR9z/ZZJMlMWv37qOOb9pdJlMUEKFQ=="],

    "wrap-ansi/string-width/emoji-regex": ["emoji-regex@8.0.0", "", {}, "sha512-MSjYzcWNOA0ewAHpz0MxpYFvwg6yjy1NG3xteoqz644VCo/RPgnr1/GGt+ic3iJTzQ8Eu3TdM14SawnVUmGE6A=="],

    "wrap-ansi/strip-ansi/ansi-regex": ["ansi-regex@5.0.1", "", {}, "sha512-quJQXlTSUGL2LH9SUXo8VwsY4soanhgo6LNSm84E1LBcE8s3O0wpdiRzyR9z/ZZJMlMWv37qOOb9pdJlMUEKFQ=="],

    "inquirer/ora/cli-cursor/restore-cursor": ["restore-cursor@3.1.0", "", { "dependencies": { "onetime": "^5.1.0", "signal-exit": "^3.0.2" } }, "sha512-l+sSefzHpj5qimhFSE5a8nufZYAM3sBSVMAPtYkmC+4EH2anSGaEMXSD0izRQbu9nfyQ9y5JrVmp7E8oZrUjvA=="],

    "inquirer/ora/cli-cursor/restore-cursor/onetime": ["onetime@5.1.2", "", { "dependencies": { "mimic-fn": "^2.1.0" } }, "sha512-kbpaSSGJTWdAY5KPVeMOKXSrPtr8C8C7wodJbcsd51jRnmD+GZu8Y0VoU6Dm5Z4vWr0Ig/1NKuWRKf7j5aaYSg=="],

    "inquirer/ora/cli-cursor/restore-cursor/signal-exit": ["signal-exit@3.0.7", "", {}, "sha512-wnD2ZE+l+SPC/uoS0vXeE9L1+0wuaMqKlfz9AMUo38JsyLSBWSFcHR1Rri62LZc12vLr1gb3jl7iwQhgwpAbGQ=="],
  }
}
